
Microsoft Visual Studio Solution File, Format Version 12.00
# Visual Studio Version 16
VisualStudioVersion = 16.0.31229.75
MinimumVisualStudioVersion = 10.0.40219.1
Project("{FAE04EC0-301F-11D3-BF4B-00C04F79EFBC}") = "UniversityMap", "UniversityMap\UniversityMap.csproj", "{E8CEAF0A-C473-4448-BDFD-E69238273035}"
EndProject
Global
	GlobalSection(SolutionConfigurationPlatforms) = preSolution
		Debug|Any CPU = Debug|Any CPU
		Release|Any CPU = Release|Any CPU
	EndGlobalSection
	GlobalSection(ProjectConfigurationPlatforms) = postSolution
		{E8CEAF0A-C473-4448-BDFD-E69238273035}.Debug|Any CPU.ActiveCfg = Debug|Any CPU
		{E8CEAF0A-C473-4448-BDFD-E69238273035}.Debug|Any CPU.Build.0 = Debug|Any CPU
		{E8CEAF0A-C473-4448-BDFD-E69238273035}.Release|Any CPU.ActiveCfg = Release|Any CPU
		{E8CEAF0A-C473-4448-BDFD-E69238273035}.Release|Any CPU.Build.0 = Release|Any CPU
	EndGlobalSection
	GlobalSection(SolutionProperties) = preSolution
		HideSolutionNode = FALSE
	EndGlobalSection
	GlobalSection(ExtensibilityGlobals) = postSolution
		SolutionGuid = {CBC89C5C-6CE1-4798-BB80-89E6D3AF38B7}
	EndGlobalSection
EndGlobal
